# This file is generated by running "yarn install" inside your project.
# Manual changes might be lost - proceed with caution!

__metadata:
  version: 5
  cacheKey: 8

"@types/node@npm:^9.4.0":
  version: 9.6.61
  resolution: "@types/node@npm:9.6.61"
  checksum: c8caed1010c5eb94697024606a5cbcb9905251166daed6ec1b47d3c70a57435aba72547adf347b8d17785df89dbfc0ac20e63b9f807bc44cc0e11a3705ae5a91
  languageName: node
  linkType: hard

"@types/tmp@npm:0.0.33":
  version: 0.0.33
  resolution: "@types/tmp@npm:0.0.33"
  checksum: b6963af74092bd56a1a9a7936a1a6de45ddbd5e774f9fc904f16b7e2ada79da8a769e0c5b9df083064b8080bb260c4973ba4307640b7b7a75ed1c47bda8c4110
  languageName: node
  linkType: hard

"eventtarget@npm:^0.1.0":
  version: 0.1.0
  resolution: "eventtarget@npm:0.1.0"
  checksum: a046920e643505f7676f39ece2f7cd271fa8a5c9bdc76688b08bdcef30fa46c2295e256c85c383c921faf1aa052b484b07ebe74fa4b25ca0accdf57cdb915f72
  languageName: node
  linkType: hard

"os-tmpdir@npm:~1.0.2":
  version: 1.0.2
  resolution: "os-tmpdir@npm:1.0.2"
  checksum: 5666560f7b9f10182548bf7013883265be33620b1c1b4a4d405c25be2636f970c5488ff3e6c48de75b55d02bde037249fe5dbfbb4c0fb7714953d56aed062e6d
  languageName: node
  linkType: hard

"three-to-glb@workspace:.":
  version: 0.0.0-use.local
  resolution: "three-to-glb@workspace:."
  dependencies:
    three: 0.136.0
    vblob: 1.0.2
  languageName: unknown
  linkType: soft

"three@npm:0.136.0":
  version: 0.136.0
  resolution: "three@npm:0.136.0"
  checksum: 9183f83a75901edb85034fe8f6d52bf6daaece554e40d42f8eef5dead13a09e5f67548ee7cccd6c34bde42a91c5e8fa2ccb4a1b80783d7986bda4ec9f58bfe7f
  languageName: node
  linkType: hard

"tmp@npm:0.0.33":
  version: 0.0.33
  resolution: "tmp@npm:0.0.33"
  dependencies:
    os-tmpdir: ~1.0.2
  checksum: 902d7aceb74453ea02abbf58c203f4a8fc1cead89b60b31e354f74ed5b3fb09ea817f94fb310f884a5d16987dd9fa5a735412a7c2dd088dd3d415aa819ae3a28
  languageName: node
  linkType: hard

"vblob@npm:1.0.2":
  version: 1.0.2
  resolution: "vblob@npm:1.0.2"
  dependencies:
    "@types/node": ^9.4.0
    "@types/tmp": 0.0.33
    eventtarget: ^0.1.0
    tmp: 0.0.33
  checksum: c080ee28d275bac9f69d25dee3ac1626dd9a67f5ffe74c1f63bb64ba1841a60bad9d7698ad61aad8add5a990565f7fa7e6af08bb5d28970ff741db9012392369
  languageName: node
  linkType: hard
